
Microsoft Visual Studio Solution File, Format Version 12.00
# Visual Studio Version 17
VisualStudioVersion = 17.0.31903.59
MinimumVisualStudioVersion = 10.0.40219.1
Project("{FAE04EC0-301F-11D3-BF4B-00C04F79EFBC}") = "Sudoku.Maui", "Sudoku.Maui\Sudoku.Maui.csproj", "{E1A4C513-613C-48DC-9365-EE7694D6CFC2}"
EndProject
Project("{FAE04EC0-301F-11D3-BF4B-00C04F79EFBC}") = "Sudoku.Engine", "Sudoku.Engine\Sudoku.Engine.csproj", "{55FA2AAA-9E3E-4CE2-A6A0-6DF6A7CDBA01}"
EndProject
Project("{FAE04EC0-301F-11D3-BF4B-00C04F79EFBC}") = "Sudoku.Tests", "Sudoku.Tests\Sudoku.Tests.csproj", "{399CD198-19C4-496E-ABA5-2FB93F1045C0}"
EndProject
Global
	GlobalSection(SolutionConfigurationPlatforms) = preSolution
		Debug|Any CPU = Debug|Any CPU
		Debug|x64 = Debug|x64
		Debug|x86 = Debug|x86
		Release|Any CPU = Release|Any CPU
		Release|x64 = Release|x64
		Release|x86 = Release|x86
	EndGlobalSection
	GlobalSection(ProjectConfigurationPlatforms) = postSolution
		{E1A4C513-613C-48DC-9365-EE7694D6CFC2}.Debug|Any CPU.ActiveCfg = Debug|Any CPU
		{E1A4C513-613C-48DC-9365-EE7694D6CFC2}.Debug|Any CPU.Build.0 = Debug|Any CPU
		{E1A4C513-613C-48DC-9365-EE7694D6CFC2}.Debug|x64.ActiveCfg = Debug|Any CPU
		{E1A4C513-613C-48DC-9365-EE7694D6CFC2}.Debug|x64.Build.0 = Debug|Any CPU
		{E1A4C513-613C-48DC-9365-EE7694D6CFC2}.Debug|x86.ActiveCfg = Debug|Any CPU
		{E1A4C513-613C-48DC-9365-EE7694D6CFC2}.Debug|x86.Build.0 = Debug|Any CPU
		{E1A4C513-613C-48DC-9365-EE7694D6CFC2}.Release|Any CPU.ActiveCfg = Release|Any CPU
		{E1A4C513-613C-48DC-9365-EE7694D6CFC2}.Release|Any CPU.Build.0 = Release|Any CPU
		{E1A4C513-613C-48DC-9365-EE7694D6CFC2}.Release|x64.ActiveCfg = Release|Any CPU
		{E1A4C513-613C-48DC-9365-EE7694D6CFC2}.Release|x64.Build.0 = Release|Any CPU
		{E1A4C513-613C-48DC-9365-EE7694D6CFC2}.Release|x86.ActiveCfg = Release|Any CPU
		{E1A4C513-613C-48DC-9365-EE7694D6CFC2}.Release|x86.Build.0 = Release|Any CPU
		{55FA2AAA-9E3E-4CE2-A6A0-6DF6A7CDBA01}.Debug|Any CPU.ActiveCfg = Debug|Any CPU
		{55FA2AAA-9E3E-4CE2-A6A0-6DF6A7CDBA01}.Debug|Any CPU.Build.0 = Debug|Any CPU
		{55FA2AAA-9E3E-4CE2-A6A0-6DF6A7CDBA01}.Debug|x64.ActiveCfg = Debug|Any CPU
		{55FA2AAA-9E3E-4CE2-A6A0-6DF6A7CDBA01}.Debug|x64.Build.0 = Debug|Any CPU
		{55FA2AAA-9E3E-4CE2-A6A0-6DF6A7CDBA01}.Debug|x86.ActiveCfg = Debug|Any CPU
		{55FA2AAA-9E3E-4CE2-A6A0-6DF6A7CDBA01}.Debug|x86.Build.0 = Debug|Any CPU
		{55FA2AAA-9E3E-4CE2-A6A0-6DF6A7CDBA01}.Release|Any CPU.ActiveCfg = Release|Any CPU
		{55FA2AAA-9E3E-4CE2-A6A0-6DF6A7CDBA01}.Release|Any CPU.Build.0 = Release|Any CPU
		{55FA2AAA-9E3E-4CE2-A6A0-6DF6A7CDBA01}.Release|x64.ActiveCfg = Release|Any CPU
		{55FA2AAA-9E3E-4CE2-A6A0-6DF6A7CDBA01}.Release|x64.Build.0 = Release|Any CPU
		{55FA2AAA-9E3E-4CE2-A6A0-6DF6A7CDBA01}.Release|x86.ActiveCfg = Release|Any CPU
		{55FA2AAA-9E3E-4CE2-A6A0-6DF6A7CDBA01}.Release|x86.Build.0 = Release|Any CPU
		{399CD198-19C4-496E-ABA5-2FB93F1045C0}.Debug|Any CPU.ActiveCfg = Debug|Any CPU
		{399CD198-19C4-496E-ABA5-2FB93F1045C0}.Debug|Any CPU.Build.0 = Debug|Any CPU
		{399CD198-19C4-496E-ABA5-2FB93F1045C0}.Debug|x64.ActiveCfg = Debug|Any CPU
		{399CD198-19C4-496E-ABA5-2FB93F1045C0}.Debug|x64.Build.0 = Debug|Any CPU
		{399CD198-19C4-496E-ABA5-2FB93F1045C0}.Debug|x86.ActiveCfg = Debug|Any CPU
		{399CD198-19C4-496E-ABA5-2FB93F1045C0}.Debug|x86.Build.0 = Debug|Any CPU
		{399CD198-19C4-496E-ABA5-2FB93F1045C0}.Release|Any CPU.ActiveCfg = Release|Any CPU
		{399CD198-19C4-496E-ABA5-2FB93F1045C0}.Release|Any CPU.Build.0 = Release|Any CPU
		{399CD198-19C4-496E-ABA5-2FB93F1045C0}.Release|x64.ActiveCfg = Release|Any CPU
		{399CD198-19C4-496E-ABA5-2FB93F1045C0}.Release|x64.Build.0 = Release|Any CPU
		{399CD198-19C4-496E-ABA5-2FB93F1045C0}.Release|x86.ActiveCfg = Release|Any CPU
		{399CD198-19C4-496E-ABA5-2FB93F1045C0}.Release|x86.Build.0 = Release|Any CPU
	EndGlobalSection
	GlobalSection(SolutionProperties) = preSolution
		HideSolutionNode = FALSE
	EndGlobalSection
EndGlobal
